
Microsoft Visual Studio Solution File, Format Version 12.00
# Visual Studio Version 16
VisualStudioVersion = 16.0.29911.84
MinimumVisualStudioVersion = 10.0.40219.1
Project("{9A19103F-16F7-4668-BE54-9A1E7A4F7556}") = "AzureDemo", "AzureDemo\AzureDemo.csproj", "{B80CEDAD-76C7-4BCC-BCE5-731106037307}"
EndProject
Global
	GlobalSection(SolutionConfigurationPlatforms) = preSolution
		Debug|Any CPU = Debug|Any CPU
		Release|Any CPU = Release|Any CPU
	EndGlobalSection
	GlobalSection(ProjectConfigurationPlatforms) = postSolution
		{B80CEDAD-76C7-4BCC-BCE5-731106037307}.Debug|Any CPU.ActiveCfg = Debug|Any CPU
		{B80CEDAD-76C7-4BCC-BCE5-731106037307}.Debug|Any CPU.Build.0 = Debug|Any CPU
		{B80CEDAD-76C7-4BCC-BCE5-731106037307}.Release|Any CPU.ActiveCfg = Release|Any CPU
		{B80CEDAD-76C7-4BCC-BCE5-731106037307}.Release|Any CPU.Build.0 = Release|Any CPU
	EndGlobalSection
	GlobalSection(SolutionProperties) = preSolution
		HideSolutionNode = FALSE
	EndGlobalSection
	GlobalSection(ExtensibilityGlobals) = postSolution
		SolutionGuid = {8446539E-B9D9-48BB-99EC-E4995F966C63}
	EndGlobalSection
EndGlobal
